
Microsoft Visual Studio Solution File, Format Version 12.00
# Visual Studio 15
VisualStudioVersion = 15.0.28307.168
MinimumVisualStudioVersion = 10.0.40219.1
Project("{FAE04EC0-301F-11D3-BF4B-00C04F79EFBC}") = "WpfApp1", "WpfApp1\WpfApp1.csproj", "{08801DD3-6D80-4BB4-95B8-8AC1A354D10E}"
EndProject
Global
	GlobalSection(SolutionConfigurationPlatforms) = preSolution
		Debug|Any CPU = Debug|Any CPU
		Release|Any CPU = Release|Any CPU
	EndGlobalSection
	GlobalSection(ProjectConfigurationPlatforms) = postSolution
		{08801DD3-6D80-4BB4-95B8-8AC1A354D10E}.Debug|Any CPU.ActiveCfg = Debug|Any CPU
		{08801DD3-6D80-4BB4-95B8-8AC1A354D10E}.Debug|Any CPU.Build.0 = Debug|Any CPU
		{08801DD3-6D80-4BB4-95B8-8AC1A354D10E}.Release|Any CPU.ActiveCfg = Release|Any CPU
		{08801DD3-6D80-4BB4-95B8-8AC1A354D10E}.Release|Any CPU.Build.0 = Release|Any CPU
	EndGlobalSection
	GlobalSection(SolutionProperties) = preSolution
		HideSolutionNode = FALSE
	EndGlobalSection
	GlobalSection(ExtensibilityGlobals) = postSolution
		SolutionGuid = {EF25A5E6-F53A-4E4E-9186-EB73FB13EB60}
	EndGlobalSection
EndGlobal
